// !$*UTF8*$!
{
	archiveVersion = 1;
	classes = {
	};
	objectVersion = 56;
	objects = {

/* Begin PBXBuildFile section */
		CE573E182B7B918000767849 /* com_bonz_swt_appApp.swift in Sources */ = {isa = PBXBuildFile; fileRef = CE573E172B7B918000767849 /* com_bonz_swt_appApp.swift */; };
		CE573E1A2B7B918000767849 /* MenuView.swift in Sources */ = {isa = PBXBuildFile; fileRef = CE573E192B7B918000767849 /* MenuView.swift */; };
		CE573E1C2B7B918300767849 /* Assets.xcassets in Resources */ = {isa = PBXBuildFile; fileRef = CE573E1B2B7B918300767849 /* Assets.xcassets */; };
		CE573E1F2B7B918300767849 /* Preview Assets.xcassets in Resources */ = {isa = PBXBuildFile; fileRef = CE573E1E2B7B918300767849 /* Preview Assets.xcassets */; };
		CE573E2D2B7B9B5100767849 /* PlayView.swift in Sources */ = {isa = PBXBuildFile; fileRef = CE573E2C2B7B9B5100767849 /* PlayView.swift */; };
		CE573E2F2B7B9B5D00767849 /* SettingsView.swift in Sources */ = {isa = PBXBuildFile; fileRef = CE573E2E2B7B9B5D00767849 /* SettingsView.swift */; };
		CE573E312B7B9B6900767849 /* RulesView.swift in Sources */ = {isa = PBXBuildFile; fileRef = CE573E302B7B9B6900767849 /* RulesView.swift */; };
		CE573E332B7B9B7400767849 /* AboutUsView.swift in Sources */ = {isa = PBXBuildFile; fileRef = CE573E322B7B9B7400767849 /* AboutUsView.swift */; };
		CE573E382B7BCC7800767849 /* CherryBombOne-Regular.ttf in Resources */ = {isa = PBXBuildFile; fileRef = CE573E372B7BCC7800767849 /* CherryBombOne-Regular.ttf */; };
		CE573E3D2B7CC09F00767849 /* CheckToggleStyle.swift in Sources */ = {isa = PBXBuildFile; fileRef = CE573E3C2B7CC09F00767849 /* CheckToggleStyle.swift */; };
		CE573E3F2B7CDDF600767849 /* RememberView.swift in Sources */ = {isa = PBXBuildFile; fileRef = CE573E3E2B7CDDF600767849 /* RememberView.swift */; };
		CE573E412B7CE67E00767849 /* WinView.swift in Sources */ = {isa = PBXBuildFile; fileRef = CE573E402B7CE67E00767849 /* WinView.swift */; };
		CE573E432B7CE69600767849 /* LoseView.swift in Sources */ = {isa = PBXBuildFile; fileRef = CE573E422B7CE69600767849 /* LoseView.swift */; };
/* End PBXBuildFile section */

/* Begin PBXFileReference section */
		CE573E142B7B918000767849 /* com.bonz.swt.app.app */ = {isa = PBXFileReference; explicitFileType = wrapper.application; includeInIndex = 0; path = com.bonz.swt.app.app; sourceTree = BUILT_PRODUCTS_DIR; };
		CE573E172B7B918000767849 /* com_bonz_swt_appApp.swift */ = {isa = PBXFileReference; lastKnownFileType = sourcecode.swift; path = com_bonz_swt_appApp.swift; sourceTree = "<group>"; };
		CE573E192B7B918000767849 /* MenuView.swift */ = {isa = PBXFileReference; lastKnownFileType = sourcecode.swift; path = MenuView.swift; sourceTree = "<group>"; };
		CE573E1B2B7B918300767849 /* Assets.xcassets */ = {isa = PBXFileReference; lastKnownFileType = folder.assetcatalog; path = Assets.xcassets; sourceTree = "<group>"; };
		CE573E1E2B7B918300767849 /* Preview Assets.xcassets */ = {isa = PBXFileReference; lastKnownFileType = folder.assetcatalog; path = "Preview Assets.xcassets"; sourceTree = "<group>"; };
		CE573E2C2B7B9B5100767849 /* PlayView.swift */ = {isa = PBXFileReference; lastKnownFileType = sourcecode.swift; path = PlayView.swift; sourceTree = "<group>"; };
		CE573E2E2B7B9B5D00767849 /* SettingsView.swift */ = {isa = PBXFileReference; lastKnownFileType = sourcecode.swift; path = SettingsView.swift; sourceTree = "<group>"; };
		CE573E302B7B9B6900767849 /* RulesView.swift */ = {isa = PBXFileReference; lastKnownFileType = sourcecode.swift; path = RulesView.swift; sourceTree = "<group>"; };
		CE573E322B7B9B7400767849 /* AboutUsView.swift */ = {isa = PBXFileReference; lastKnownFileType = sourcecode.swift; path = AboutUsView.swift; sourceTree = "<group>"; };
		CE573E372B7BCC7800767849 /* CherryBombOne-Regular.ttf */ = {isa = PBXFileReference; lastKnownFileType = file; path = "CherryBombOne-Regular.ttf"; sourceTree = "<group>"; };
		CE573E392B7BCCB500767849 /* com-bonz-swt-app-Info.plist */ = {isa = PBXFileReference; lastKnownFileType = text.plist; path = "com-bonz-swt-app-Info.plist"; sourceTree = SOURCE_ROOT; };
		CE573E3C2B7CC09F00767849 /* CheckToggleStyle.swift */ = {isa = PBXFileReference; lastKnownFileType = sourcecode.swift; path = CheckToggleStyle.swift; sourceTree = "<group>"; };
		CE573E3E2B7CDDF600767849 /* RememberView.swift */ = {isa = PBXFileReference; lastKnownFileType = sourcecode.swift; path = RememberView.swift; sourceTree = "<group>"; };
		CE573E402B7CE67E00767849 /* WinView.swift */ = {isa = PBXFileReference; lastKnownFileType = sourcecode.swift; path = WinView.swift; sourceTree = "<group>"; };
		CE573E422B7CE69600767849 /* LoseView.swift */ = {isa = PBXFileReference; lastKnownFileType = sourcecode.swift; path = LoseView.swift; sourceTree = "<group>"; };
/* End PBXFileReference section */

/* Begin PBXFrameworksBuildPhase section */
		CE573E112B7B918000767849 /* Frameworks */ = {
			isa = PBXFrameworksBuildPhase;
			buildActionMask = 2147483647;
			files = (
			);
			runOnlyForDeploymentPostprocessing = 0;
		};
/* End PBXFrameworksBuildPhase section */

/* Begin PBXGroup section */
		CE573E0B2B7B918000767849 = {
			isa = PBXGroup;
			children = (
				CE573E162B7B918000767849 /* com.bonz.swt.app */,
				CE573E152B7B918000767849 /* Products */,
			);
			sourceTree = "<group>";
		};
		CE573E152B7B918000767849 /* Products */ = {
			isa = PBXGroup;
			children = (
				CE573E142B7B918000767849 /* com.bonz.swt.app.app */,
			);
			name = Products;
			sourceTree = "<group>";
		};
		CE573E162B7B918000767849 /* com.bonz.swt.app */ = {
			isa = PBXGroup;
			children = (
				CE573E392B7BCCB500767849 /* com-bonz-swt-app-Info.plist */,
				CE573E262B7B9AA700767849 /* Scenes */,
				CE573E252B7B9A9800767849 /* Model */,
				CE573E1B2B7B918300767849 /* Assets.xcassets */,
				CE573E362B7BCC5100767849 /* Fonts */,
				CE573E1D2B7B918300767849 /* Preview Content */,
			);
			path = com.bonz.swt.app;
			sourceTree = "<group>";
		};
		CE573E1D2B7B918300767849 /* Preview Content */ = {
			isa = PBXGroup;
			children = (
				CE573E1E2B7B918300767849 /* Preview Assets.xcassets */,
			);
			path = "Preview Content";
			sourceTree = "<group>";
		};
		CE573E252B7B9A9800767849 /* Model */ = {
			isa = PBXGroup;
			children = (
			);
			path = Model;
			sourceTree = "<group>";
		};
		CE573E262B7B9AA700767849 /* Scenes */ = {
			isa = PBXGroup;
			children = (
				CE573E172B7B918000767849 /* com_bonz_swt_appApp.swift */,
				CE573E272B7B9ADB00767849 /* Menu */,
			);
			path = Scenes;
			sourceTree = "<group>";
		};
		CE573E272B7B9ADB00767849 /* Menu */ = {
			isa = PBXGroup;
			children = (
				CE573E192B7B918000767849 /* MenuView.swift */,
				CE573E282B7B9AF300767849 /* PlayView */,
				CE573E292B7B9AF900767849 /* SettingsView */,
				CE573E2A2B7B9B0000767849 /* RulesView */,
				CE573E2B2B7B9B0700767849 /* AboutUsView */,
			);
			path = Menu;
			sourceTree = "<group>";
		};
		CE573E282B7B9AF300767849 /* PlayView */ = {
			isa = PBXGroup;
			children = (
				CE573E2C2B7B9B5100767849 /* PlayView.swift */,
				CE573E3E2B7CDDF600767849 /* RememberView.swift */,
				CE573E402B7CE67E00767849 /* WinView.swift */,
				CE573E422B7CE69600767849 /* LoseView.swift */,
			);
			path = PlayView;
			sourceTree = "<group>";
		};
		CE573E292B7B9AF900767849 /* SettingsView */ = {
			isa = PBXGroup;
			children = (
				CE573E2E2B7B9B5D00767849 /* SettingsView.swift */,
				CE573E3C2B7CC09F00767849 /* CheckToggleStyle.swift */,
			);
			path = SettingsView;
			sourceTree = "<group>";
		};
		CE573E2A2B7B9B0000767849 /* RulesView */ = {
			isa = PBXGroup;
			children = (
				CE573E302B7B9B6900767849 /* RulesView.swift */,
			);
			path = RulesView;
			sourceTree = "<group>";
		};
		CE573E2B2B7B9B0700767849 /* AboutUsView */ = {
			isa = PBXGroup;
			children = (
				CE573E322B7B9B7400767849 /* AboutUsView.swift */,
			);
			path = AboutUsView;
			sourceTree = "<group>";
		};
		CE573E362B7BCC5100767849 /* Fonts */ = {
			isa = PBXGroup;
			children = (
				CE573E372B7BCC7800767849 /* CherryBombOne-Regular.ttf */,
			);
			path = Fonts;
			sourceTree = "<group>";
		};
/* End PBXGroup section */

/* Begin PBXNativeTarget section */
		CE573E132B7B918000767849 /* com.bonz.swt.app */ = {
			isa = PBXNativeTarget;
			buildConfigurationList = CE573E222B7B918300767849 /* Build configuration list for PBXNativeTarget "com.bonz.swt.app" */;
			buildPhases = (
				CE573E102B7B918000767849 /* Sources */,
				CE573E112B7B918000767849 /* Frameworks */,
				CE573E122B7B918000767849 /* Resources */,
			);
			buildRules = (
			);
			dependencies = (
			);
			name = com.bonz.swt.app;
			productName = com.bonz.swt.app;
			productReference = CE573E142B7B918000767849 /* com.bonz.swt.app.app */;
			productType = "com.apple.product-type.application";
		};
/* End PBXNativeTarget section */

/* Begin PBXProject section */
		CE573E0C2B7B918000767849 /* Project object */ = {
			isa = PBXProject;
			attributes = {
				BuildIndependentTargetsInParallel = 1;
				LastSwiftUpdateCheck = 1510;
				LastUpgradeCheck = 1510;
				TargetAttributes = {
					CE573E132B7B918000767849 = {
						CreatedOnToolsVersion = 15.1;
					};
				};
			};
			buildConfigurationList = CE573E0F2B7B918000767849 /* Build configuration list for PBXProject "com.bonz.swt.app" */;
			compatibilityVersion = "Xcode 14.0";
			developmentRegion = en;
			hasScannedForEncodings = 0;
			knownRegions = (
				en,
				Base,
			);
			mainGroup = CE573E0B2B7B918000767849;
			productRefGroup = CE573E152B7B918000767849 /* Products */;
			projectDirPath = "";
			projectRoot = "";
			targets = (
				CE573E132B7B918000767849 /* com.bonz.swt.app */,
			);
		};
/* End PBXProject section */

/* Begin PBXResourcesBuildPhase section */
		CE573E122B7B918000767849 /* Resources */ = {
			isa = PBXResourcesBuildPhase;
			buildActionMask = 2147483647;
			files = (
				CE573E382B7BCC7800767849 /* CherryBombOne-Regular.ttf in Resources */,
				CE573E1F2B7B918300767849 /* Preview Assets.xcassets in Resources */,
				CE573E1C2B7B918300767849 /* Assets.xcassets in Resources */,
			);
			runOnlyForDeploymentPostprocessing = 0;
		};
/* End PBXResourcesBuildPhase section */

/* Begin PBXSourcesBuildPhase section */
		CE573E102B7B918000767849 /* Sources */ = {
			isa = PBXSourcesBuildPhase;
			buildActionMask = 2147483647;
			files = (
				CE573E2D2B7B9B5100767849 /* PlayView.swift in Sources */,
				CE573E312B7B9B6900767849 /* RulesView.swift in Sources */,
				CE573E3D2B7CC09F00767849 /* CheckToggleStyle.swift in Sources */,
				CE573E432B7CE69600767849 /* LoseView.swift in Sources */,
				CE573E2F2B7B9B5D00767849 /* SettingsView.swift in Sources */,
				CE573E1A2B7B918000767849 /* MenuView.swift in Sources */,
				CE573E332B7B9B7400767849 /* AboutUsView.swift in Sources */,
				CE573E412B7CE67E00767849 /* WinView.swift in Sources */,
				CE573E182B7B918000767849 /* com_bonz_swt_appApp.swift in Sources */,
				CE573E3F2B7CDDF600767849 /* RememberView.swift in Sources */,
			);
			runOnlyForDeploymentPostprocessing = 0;
		};
/* End PBXSourcesBuildPhase section */

/* Begin XCBuildConfiguration section */
		CE573E202B7B918300767849 /* Debug */ = {
			isa = XCBuildConfiguration;
			buildSettings = {
				ALWAYS_SEARCH_USER_PATHS = NO;
				ASSETCATALOG_COMPILER_GENERATE_SWIFT_ASSET_SYMBOL_EXTENSIONS = YES;
				CLANG_ANALYZER_NONNULL = YES;
				CLANG_ANALYZER_NUMBER_OBJECT_CONVERSION = YES_AGGRESSIVE;
				CLANG_CXX_LANGUAGE_STANDARD = "gnu++20";
				CLANG_ENABLE_MODULES = YES;
				CLANG_ENABLE_OBJC_ARC = YES;
				CLANG_ENABLE_OBJC_WEAK = YES;
				CLANG_WARN_BLOCK_CAPTURE_AUTORELEASING = YES;
				CLANG_WARN_BOOL_CONVERSION = YES;
				CLANG_WARN_COMMA = YES;
				CLANG_WARN_CONSTANT_CONVERSION = YES;
				CLANG_WARN_DEPRECATED_OBJC_IMPLEMENTATIONS = YES;
				CLANG_WARN_DIRECT_OBJC_ISA_USAGE = YES_ERROR;
				CLANG_WARN_DOCUMENTATION_COMMENTS = YES;
				CLANG_WARN_EMPTY_BODY = YES;
				CLANG_WARN_ENUM_CONVERSION = YES;
				CLANG_WARN_INFINITE_RECURSION = YES;
				CLANG_WARN_INT_CONVERSION = YES;
				CLANG_WARN_NON_LITERAL_NULL_CONVERSION = YES;
				CLANG_WARN_OBJC_IMPLICIT_RETAIN_SELF = YES;
				CLANG_WARN_OBJC_LITERAL_CONVERSION = YES;
				CLANG_WARN_OBJC_ROOT_CLASS = YES_ERROR;
				CLANG_WARN_QUOTED_INCLUDE_IN_FRAMEWORK_HEADER = YES;
				CLANG_WARN_RANGE_LOOP_ANALYSIS = YES;
				CLANG_WARN_STRICT_PROTOTYPES = YES;
				CLANG_WARN_SUSPICIOUS_MOVE = YES;
				CLANG_WARN_UNGUARDED_AVAILABILITY = YES_AGGRESSIVE;
				CLANG_WARN_UNREACHABLE_CODE = YES;
				CLANG_WARN__DUPLICATE_METHOD_MATCH = YES;
				COPY_PHASE_STRIP = NO;
				DEBUG_INFORMATION_FORMAT = dwarf;
				ENABLE_STRICT_OBJC_MSGSEND = YES;
				ENABLE_TESTABILITY = YES;
				ENABLE_USER_SCRIPT_SANDBOXING = YES;
				GCC_C_LANGUAGE_STANDARD = gnu17;
				GCC_DYNAMIC_NO_PIC = NO;
				GCC_NO_COMMON_BLOCKS = YES;
				GCC_OPTIMIZATION_LEVEL = 0;
				GCC_PREPROCESSOR_DEFINITIONS = (
					"DEBUG=1",
					"$(inherited)",
				);
				GCC_WARN_64_TO_32_BIT_CONVERSION = YES;
				GCC_WARN_ABOUT_RETURN_TYPE = YES_ERROR;
				GCC_WARN_UNDECLARED_SELECTOR = YES;
				GCC_WARN_UNINITIALIZED_AUTOS = YES_AGGRESSIVE;
				GCC_WARN_UNUSED_FUNCTION = YES;
				GCC_WARN_UNUSED_VARIABLE = YES;
				IPHONEOS_DEPLOYMENT_TARGET = 17.2;
				LOCALIZATION_PREFERS_STRING_CATALOGS = YES;
				MTL_ENABLE_DEBUG_INFO = INCLUDE_SOURCE;
				MTL_FAST_MATH = YES;
				ONLY_ACTIVE_ARCH = YES;
				SDKROOT = iphoneos;
				SWIFT_ACTIVE_COMPILATION_CONDITIONS = "DEBUG $(inherited)";
				SWIFT_OPTIMIZATION_LEVEL = "-Onone";
			};
			name = Debug;
		};
		CE573E212B7B918300767849 /* Release */ = {
			isa = XCBuildConfiguration;
			buildSettings = {
				ALWAYS_SEARCH_USER_PATHS = NO;
				ASSETCATALOG_COMPILER_GENERATE_SWIFT_ASSET_SYMBOL_EXTENSIONS = YES;
				CLANG_ANALYZER_NONNULL = YES;
				CLANG_ANALYZER_NUMBER_OBJECT_CONVERSION = YES_AGGRESSIVE;
				CLANG_CXX_LANGUAGE_STANDARD = "gnu++20";
				CLANG_ENABLE_MODULES = YES;
				CLANG_ENABLE_OBJC_ARC = YES;
				CLANG_ENABLE_OBJC_WEAK = YES;
				CLANG_WARN_BLOCK_CAPTURE_AUTORELEASING = YES;
				CLANG_WARN_BOOL_CONVERSION = YES;
				CLANG_WARN_COMMA = YES;
				CLANG_WARN_CONSTANT_CONVERSION = YES;
				CLANG_WARN_DEPRECATED_OBJC_IMPLEMENTATIONS = YES;
				CLANG_WARN_DIRECT_OBJC_ISA_USAGE = YES_ERROR;
				CLANG_WARN_DOCUMENTATION_COMMENTS = YES;
				CLANG_WARN_EMPTY_BODY = YES;
				CLANG_WARN_ENUM_CONVERSION = YES;
				CLANG_WARN_INFINITE_RECURSION = YES;
				CLANG_WARN_INT_CONVERSION = YES;
				CLANG_WARN_NON_LITERAL_NULL_CONVERSION = YES;
				CLANG_WARN_OBJC_IMPLICIT_RETAIN_SELF = YES;
				CLANG_WARN_OBJC_LITERAL_CONVERSION = YES;
				CLANG_WARN_OBJC_ROOT_CLASS = YES_ERROR;
				CLANG_WARN_QUOTED_INCLUDE_IN_FRAMEWORK_HEADER = YES;
				CLANG_WARN_RANGE_LOOP_ANALYSIS = YES;
				CLANG_WARN_STRICT_PROTOTYPES = YES;
				CLANG_WARN_SUSPICIOUS_MOVE = YES;
				CLANG_WARN_UNGUARDED_AVAILABILITY = YES_AGGRESSIVE;
				CLANG_WARN_UNREACHABLE_CODE = YES;
				CLANG_WARN__DUPLICATE_METHOD_MATCH = YES;
				COPY_PHASE_STRIP = NO;
				DEBUG_INFORMATION_FORMAT = "dwarf-with-dsym";
				ENABLE_NS_ASSERTIONS = NO;
				ENABLE_STRICT_OBJC_MSGSEND = YES;
				ENABLE_USER_SCRIPT_SANDBOXING = YES;
				GCC_C_LANGUAGE_STANDARD = gnu17;
				GCC_NO_COMMON_BLOCKS = YES;
				GCC_WARN_64_TO_32_BIT_CONVERSION = YES;
				GCC_WARN_ABOUT_RETURN_TYPE = YES_ERROR;
				GCC_WARN_UNDECLARED_SELECTOR = YES;
				GCC_WARN_UNINITIALIZED_AUTOS = YES_AGGRESSIVE;
				GCC_WARN_UNUSED_FUNCTION = YES;
				GCC_WARN_UNUSED_VARIABLE = YES;
				IPHONEOS_DEPLOYMENT_TARGET = 17.2;
				LOCALIZATION_PREFERS_STRING_CATALOGS = YES;
				MTL_ENABLE_DEBUG_INFO = NO;
				MTL_FAST_MATH = YES;
				SDKROOT = iphoneos;
				SWIFT_COMPILATION_MODE = wholemodule;
				VALIDATE_PRODUCT = YES;
			};
			name = Release;
		};
		CE573E232B7B918300767849 /* Debug */ = {
			isa = XCBuildConfiguration;
			buildSettings = {
				ASSETCATALOG_COMPILER_APPICON_NAME = AppIcon;
				ASSETCATALOG_COMPILER_GLOBAL_ACCENT_COLOR_NAME = AccentColor;
				CODE_SIGN_STYLE = Automatic;
				CURRENT_PROJECT_VERSION = 1;
				DEVELOPMENT_ASSET_PATHS = "\"com.bonz.swt.app/Preview Content\"";
				DEVELOPMENT_TEAM = 8N7X6FY62X;
				ENABLE_PREVIEWS = YES;
				GENERATE_INFOPLIST_FILE = YES;
				INFOPLIST_FILE = "com-bonz-swt-app-Info.plist";
				INFOPLIST_KEY_UIApplicationSceneManifest_Generation = YES;
				INFOPLIST_KEY_UIApplicationSupportsIndirectInputEvents = YES;
				INFOPLIST_KEY_UILaunchScreen_Generation = YES;
				INFOPLIST_KEY_UISupportedInterfaceOrientations_iPad = "UIInterfaceOrientationPortrait UIInterfaceOrientationPortraitUpsideDown UIInterfaceOrientationLandscapeLeft UIInterfaceOrientationLandscapeRight";
				INFOPLIST_KEY_UISupportedInterfaceOrientations_iPhone = "UIInterfaceOrientationPortrait UIInterfaceOrientationLandscapeLeft UIInterfaceOrientationLandscapeRight";
				LD_RUNPATH_SEARCH_PATHS = (
					"$(inherited)",
					"@executable_path/Frameworks",
				);
				MARKETING_VERSION = 1.0;
				PRODUCT_BUNDLE_IDENTIFIER = "dydiak.com-bonz-swt-app";
				PRODUCT_NAME = "$(TARGET_NAME)";
				SWIFT_EMIT_LOC_STRINGS = YES;
				SWIFT_VERSION = 5.0;
				TARGETED_DEVICE_FAMILY = "1,2";
			};
			name = Debug;
		};
		CE573E242B7B918300767849 /* Release */ = {
			isa = XCBuildConfiguration;
			buildSettings = {
				ASSETCATALOG_COMPILER_APPICON_NAME = AppIcon;
				ASSETCATALOG_COMPILER_GLOBAL_ACCENT_COLOR_NAME = AccentColor;
				CODE_SIGN_STYLE = Automatic;
				CURRENT_PROJECT_VERSION = 1;
				DEVELOPMENT_ASSET_PATHS = "\"com.bonz.swt.app/Preview Content\"";
				DEVELOPMENT_TEAM = 8N7X6FY62X;
				ENABLE_PREVIEWS = YES;
				GENERATE_INFOPLIST_FILE = YES;
				INFOPLIST_FILE = "com-bonz-swt-app-Info.plist";
				INFOPLIST_KEY_UIApplicationSceneManifest_Generation = YES;
				INFOPLIST_KEY_UIApplicationSupportsIndirectInputEvents = YES;
				INFOPLIST_KEY_UILaunchScreen_Generation = YES;
				INFOPLIST_KEY_UISupportedInterfaceOrientations_iPad = "UIInterfaceOrientationPortrait UIInterfaceOrientationPortraitUpsideDown UIInterfaceOrientationLandscapeLeft UIInterfaceOrientationLandscapeRight";
				INFOPLIST_KEY_UISupportedInterfaceOrientations_iPhone = "UIInterfaceOrientationPortrait UIInterfaceOrientationLandscapeLeft UIInterfaceOrientationLandscapeRight";
				LD_RUNPATH_SEARCH_PATHS = (
					"$(inherited)",
					"@executable_path/Frameworks",
				);
				MARKETING_VERSION = 1.0;
				PRODUCT_BUNDLE_IDENTIFIER = "dydiak.com-bonz-swt-app";
				PRODUCT_NAME = "$(TARGET_NAME)";
				SWIFT_EMIT_LOC_STRINGS = YES;
				SWIFT_VERSION = 5.0;
				TARGETED_DEVICE_FAMILY = "1,2";
			};
			name = Release;
		};
/* End XCBuildConfiguration section */

/* Begin XCConfigurationList section */
		CE573E0F2B7B918000767849 /* Build configuration list for PBXProject "com.bonz.swt.app" */ = {
			isa = XCConfigurationList;
			buildConfigurations = (
				CE573E202B7B918300767849 /* Debug */,
				CE573E212B7B918300767849 /* Release */,
			);
			defaultConfigurationIsVisible = 0;
			defaultConfigurationName = Release;
		};
		CE573E222B7B918300767849 /* Build configuration list for PBXNativeTarget "com.bonz.swt.app" */ = {
			isa = XCConfigurationList;
			buildConfigurations = (
				CE573E232B7B918300767849 /* Debug */,
				CE573E242B7B918300767849 /* Release */,
			);
			defaultConfigurationIsVisible = 0;
			defaultConfigurationName = Release;
		};
/* End XCConfigurationList section */
	};
	rootObject = CE573E0C2B7B918000767849 /* Project object */;
}
